
Microsoft Visual Studio Solution File, Format Version 12.00
Project("{FAE04EC0-301F-11D3-BF4B-00C04F79EFBC}") = "UrlShortenerApi", "UrlShortenerApi\UrlShortenerApi.csproj", "{A32087BC-C9EC-4FF6-AA67-2F4DBA366998}"
EndProject
Global
	GlobalSection(SolutionConfigurationPlatforms) = preSolution
		Debug|Any CPU = Debug|Any CPU
		Release|Any CPU = Release|Any CPU
	EndGlobalSection
	GlobalSection(ProjectConfigurationPlatforms) = postSolution
		{A32087BC-C9EC-4FF6-AA67-2F4DBA366998}.Debug|Any CPU.ActiveCfg = Debug|Any CPU
		{A32087BC-C9EC-4FF6-AA67-2F4DBA366998}.Debug|Any CPU.Build.0 = Debug|Any CPU
		{A32087BC-C9EC-4FF6-AA67-2F4DBA366998}.Release|Any CPU.ActiveCfg = Release|Any CPU
		{A32087BC-C9EC-4FF6-AA67-2F4DBA366998}.Release|Any CPU.Build.0 = Release|Any CPU
	EndGlobalSection
EndGlobal
